
Microsoft Visual Studio Solution File, Format Version 12.00
# Visual Studio Version 17
VisualStudioVersion = 17.6.33712.159
MinimumVisualStudioVersion = 10.0.40219.1
Project("{8BC9CEB8-8B4A-11D0-8D11-00A0C91BC942}") = "Lab5.3", "Lab5.3\Lab5.3.vcxproj", "{94967F1F-D27F-4927-9F0B-66C7AF3DB609}"
EndProject
Global
	GlobalSection(SolutionConfigurationPlatforms) = preSolution
		Debug|x64 = Debug|x64
		Debug|x86 = Debug|x86
		Release|x64 = Release|x64
		Release|x86 = Release|x86
	EndGlobalSection
	GlobalSection(ProjectConfigurationPlatforms) = postSolution
		{94967F1F-D27F-4927-9F0B-66C7AF3DB609}.Debug|x64.ActiveCfg = Debug|x64
		{94967F1F-D27F-4927-9F0B-66C7AF3DB609}.Debug|x64.Build.0 = Debug|x64
		{94967F1F-D27F-4927-9F0B-66C7AF3DB609}.Debug|x86.ActiveCfg = Debug|Win32
		{94967F1F-D27F-4927-9F0B-66C7AF3DB609}.Debug|x86.Build.0 = Debug|Win32
		{94967F1F-D27F-4927-9F0B-66C7AF3DB609}.Release|x64.ActiveCfg = Release|x64
		{94967F1F-D27F-4927-9F0B-66C7AF3DB609}.Release|x64.Build.0 = Release|x64
		{94967F1F-D27F-4927-9F0B-66C7AF3DB609}.Release|x86.ActiveCfg = Release|Win32
		{94967F1F-D27F-4927-9F0B-66C7AF3DB609}.Release|x86.Build.0 = Release|Win32
	EndGlobalSection
	GlobalSection(SolutionProperties) = preSolution
		HideSolutionNode = FALSE
	EndGlobalSection
	GlobalSection(ExtensibilityGlobals) = postSolution
		SolutionGuid = {1D15EC25-ED6F-4653-A2CA-29C2424D906B}
	EndGlobalSection
EndGlobal
